// !$*UTF8*$!
{
	archiveVersion = 1;
	classes = {
	};
	objectVersion = 50;
	objects = {

/* Begin PBXBuildFile section */
		1BF4738B2670C65C0013CAA3 /* AppDelegate.swift in Sources */ = {isa = PBXBuildFile; fileRef = 1BF4738A2670C65C0013CAA3 /* AppDelegate.swift */; };
		1BF4738D2670C65C0013CAA3 /* SceneDelegate.swift in Sources */ = {isa = PBXBuildFile; fileRef = 1BF4738C2670C65C0013CAA3 /* SceneDelegate.swift */; };
		1BF4738F2670C65C0013CAA3 /* ViewController.swift in Sources */ = {isa = PBXBuildFile; fileRef = 1BF4738E2670C65C0013CAA3 /* ViewController.swift */; };
		1BF473922670C65C0013CAA3 /* Main.storyboard in Resources */ = {isa = PBXBuildFile; fileRef = 1BF473902670C65C0013CAA3 /* Main.storyboard */; };
		1BF473942670C65E0013CAA3 /* Assets.xcassets in Resources */ = {isa = PBXBuildFile; fileRef = 1BF473932670C65E0013CAA3 /* Assets.xcassets */; };
		1BF473972670C65E0013CAA3 /* LaunchScreen.storyboard in Resources */ = {isa = PBXBuildFile; fileRef = 1BF473952670C65E0013CAA3 /* LaunchScreen.storyboard */; };
<<<<<<< HEAD
		1BF473A02670CA540013CAA3 /* EngineRoomStoryboard.storyboard in Resources */ = {isa = PBXBuildFile; fileRef = 1BF4739F2670CA540013CAA3 /* EngineRoomStoryboard.storyboard */; };
		1BF473A42670D1620013CAA3 /* EngineRoomViewController.swift in Sources */ = {isa = PBXBuildFile; fileRef = 1BF473A32670D1620013CAA3 /* EngineRoomViewController.swift */; };
=======
		E151E5B52670CA44006DC67E /* CockpitRoomStoryboard.storyboard in Resources */ = {isa = PBXBuildFile; fileRef = E151E5B42670CA44006DC67E /* CockpitRoomStoryboard.storyboard */; };
		E151E5B72670CA60006DC67E /* CockpitRoomViewController.swift in Sources */ = {isa = PBXBuildFile; fileRef = E151E5B62670CA60006DC67E /* CockpitRoomViewController.swift */; };
>>>>>>> b144820 (add cockpit storyboard and cockpit view controller)
/* End PBXBuildFile section */

/* Begin PBXFileReference section */
		1BF473872670C65C0013CAA3 /* GitFlowTest.app */ = {isa = PBXFileReference; explicitFileType = wrapper.application; includeInIndex = 0; path = GitFlowTest.app; sourceTree = BUILT_PRODUCTS_DIR; };
		1BF4738A2670C65C0013CAA3 /* AppDelegate.swift */ = {isa = PBXFileReference; lastKnownFileType = sourcecode.swift; path = AppDelegate.swift; sourceTree = "<group>"; };
		1BF4738C2670C65C0013CAA3 /* SceneDelegate.swift */ = {isa = PBXFileReference; lastKnownFileType = sourcecode.swift; path = SceneDelegate.swift; sourceTree = "<group>"; };
		1BF4738E2670C65C0013CAA3 /* ViewController.swift */ = {isa = PBXFileReference; lastKnownFileType = sourcecode.swift; path = ViewController.swift; sourceTree = "<group>"; };
		1BF473912670C65C0013CAA3 /* Base */ = {isa = PBXFileReference; lastKnownFileType = file.storyboard; name = Base; path = Base.lproj/Main.storyboard; sourceTree = "<group>"; };
		1BF473932670C65E0013CAA3 /* Assets.xcassets */ = {isa = PBXFileReference; lastKnownFileType = folder.assetcatalog; path = Assets.xcassets; sourceTree = "<group>"; };
		1BF473962670C65E0013CAA3 /* Base */ = {isa = PBXFileReference; lastKnownFileType = file.storyboard; name = Base; path = Base.lproj/LaunchScreen.storyboard; sourceTree = "<group>"; };
		1BF473982670C65E0013CAA3 /* Info.plist */ = {isa = PBXFileReference; lastKnownFileType = text.plist.xml; path = Info.plist; sourceTree = "<group>"; };
<<<<<<< HEAD
		1BF4739F2670CA540013CAA3 /* EngineRoomStoryboard.storyboard */ = {isa = PBXFileReference; lastKnownFileType = file.storyboard; path = EngineRoomStoryboard.storyboard; sourceTree = "<group>"; };
		1BF473A32670D1620013CAA3 /* EngineRoomViewController.swift */ = {isa = PBXFileReference; lastKnownFileType = sourcecode.swift; path = EngineRoomViewController.swift; sourceTree = "<group>"; };
=======
		E151E5B42670CA44006DC67E /* CockpitRoomStoryboard.storyboard */ = {isa = PBXFileReference; lastKnownFileType = file.storyboard; path = CockpitRoomStoryboard.storyboard; sourceTree = "<group>"; };
		E151E5B62670CA60006DC67E /* CockpitRoomViewController.swift */ = {isa = PBXFileReference; lastKnownFileType = sourcecode.swift; path = CockpitRoomViewController.swift; sourceTree = "<group>"; };
>>>>>>> b144820 (add cockpit storyboard and cockpit view controller)
/* End PBXFileReference section */

/* Begin PBXFrameworksBuildPhase section */
		1BF473842670C65C0013CAA3 /* Frameworks */ = {
			isa = PBXFrameworksBuildPhase;
			buildActionMask = 2147483647;
			files = (
			);
			runOnlyForDeploymentPostprocessing = 0;
		};
/* End PBXFrameworksBuildPhase section */

/* Begin PBXGroup section */
		1BF4737E2670C65C0013CAA3 = {
			isa = PBXGroup;
			children = (
				1BF473892670C65C0013CAA3 /* GitFlowTest */,
				1BF473882670C65C0013CAA3 /* Products */,
			);
			sourceTree = "<group>";
		};
		1BF473882670C65C0013CAA3 /* Products */ = {
			isa = PBXGroup;
			children = (
				1BF473872670C65C0013CAA3 /* GitFlowTest.app */,
			);
			name = Products;
			sourceTree = "<group>";
		};
		1BF473892670C65C0013CAA3 /* GitFlowTest */ = {
			isa = PBXGroup;
			children = (
<<<<<<< HEAD
				1BF473A22670D1050013CAA3 /* Control */,
				1BF473A12670D0FC0013CAA3 /* Engine */,
=======
				E151E5B32670CA1A006DC67E /* Cockpit */,
>>>>>>> b144820 (add cockpit storyboard and cockpit view controller)
				1BF4738A2670C65C0013CAA3 /* AppDelegate.swift */,
				1BF4738C2670C65C0013CAA3 /* SceneDelegate.swift */,
				1BF473932670C65E0013CAA3 /* Assets.xcassets */,
				1BF473952670C65E0013CAA3 /* LaunchScreen.storyboard */,
				1BF473982670C65E0013CAA3 /* Info.plist */,
			);
			path = GitFlowTest;
			sourceTree = "<group>";
		};
<<<<<<< HEAD
		1BF473A12670D0FC0013CAA3 /* Engine */ = {
			isa = PBXGroup;
			children = (
				1BF4739F2670CA540013CAA3 /* EngineRoomStoryboard.storyboard */,
				1BF473A32670D1620013CAA3 /* EngineRoomViewController.swift */,
			);
			path = Engine;
			sourceTree = "<group>";
		};
		1BF473A22670D1050013CAA3 /* Control */ = {
			isa = PBXGroup;
			children = (
				1BF4738E2670C65C0013CAA3 /* ViewController.swift */,
				1BF473902670C65C0013CAA3 /* Main.storyboard */,
			);
			path = Control;
=======
		E151E5B32670CA1A006DC67E /* Cockpit */ = {
			isa = PBXGroup;
			children = (
				E151E5B42670CA44006DC67E /* CockpitRoomStoryboard.storyboard */,
				E151E5B62670CA60006DC67E /* CockpitRoomViewController.swift */,
			);
			path = Cockpit;
>>>>>>> b144820 (add cockpit storyboard and cockpit view controller)
			sourceTree = "<group>";
		};
/* End PBXGroup section */

/* Begin PBXNativeTarget section */
		1BF473862670C65C0013CAA3 /* GitFlowTest */ = {
			isa = PBXNativeTarget;
			buildConfigurationList = 1BF4739B2670C65E0013CAA3 /* Build configuration list for PBXNativeTarget "GitFlowTest" */;
			buildPhases = (
				1BF473832670C65C0013CAA3 /* Sources */,
				1BF473842670C65C0013CAA3 /* Frameworks */,
				1BF473852670C65C0013CAA3 /* Resources */,
			);
			buildRules = (
			);
			dependencies = (
			);
			name = GitFlowTest;
			productName = GitFlowTest;
			productReference = 1BF473872670C65C0013CAA3 /* GitFlowTest.app */;
			productType = "com.apple.product-type.application";
		};
/* End PBXNativeTarget section */

/* Begin PBXProject section */
		1BF4737F2670C65C0013CAA3 /* Project object */ = {
			isa = PBXProject;
			attributes = {
				LastSwiftUpdateCheck = 1250;
				LastUpgradeCheck = 1250;
				TargetAttributes = {
					1BF473862670C65C0013CAA3 = {
						CreatedOnToolsVersion = 12.5;
					};
				};
			};
			buildConfigurationList = 1BF473822670C65C0013CAA3 /* Build configuration list for PBXProject "GitFlowTest" */;
			compatibilityVersion = "Xcode 9.3";
			developmentRegion = en;
			hasScannedForEncodings = 0;
			knownRegions = (
				en,
				Base,
			);
			mainGroup = 1BF4737E2670C65C0013CAA3;
			productRefGroup = 1BF473882670C65C0013CAA3 /* Products */;
			projectDirPath = "";
			projectRoot = "";
			targets = (
				1BF473862670C65C0013CAA3 /* GitFlowTest */,
			);
		};
/* End PBXProject section */

/* Begin PBXResourcesBuildPhase section */
		1BF473852670C65C0013CAA3 /* Resources */ = {
			isa = PBXResourcesBuildPhase;
			buildActionMask = 2147483647;
			files = (
				E151E5B52670CA44006DC67E /* CockpitRoomStoryboard.storyboard in Resources */,
				1BF473972670C65E0013CAA3 /* LaunchScreen.storyboard in Resources */,
				1BF473942670C65E0013CAA3 /* Assets.xcassets in Resources */,
				1BF473A02670CA540013CAA3 /* EngineRoomStoryboard.storyboard in Resources */,
				1BF473922670C65C0013CAA3 /* Main.storyboard in Resources */,
			);
			runOnlyForDeploymentPostprocessing = 0;
		};
/* End PBXResourcesBuildPhase section */

/* Begin PBXSourcesBuildPhase section */
		1BF473832670C65C0013CAA3 /* Sources */ = {
			isa = PBXSourcesBuildPhase;
			buildActionMask = 2147483647;
			files = (
				1BF4738F2670C65C0013CAA3 /* ViewController.swift in Sources */,
				1BF4738B2670C65C0013CAA3 /* AppDelegate.swift in Sources */,
				1BF4738D2670C65C0013CAA3 /* SceneDelegate.swift in Sources */,
<<<<<<< HEAD
				1BF473A42670D1620013CAA3 /* EngineRoomViewController.swift in Sources */,
=======
				E151E5B72670CA60006DC67E /* CockpitRoomViewController.swift in Sources */,
>>>>>>> b144820 (add cockpit storyboard and cockpit view controller)
			);
			runOnlyForDeploymentPostprocessing = 0;
		};
/* End PBXSourcesBuildPhase section */

/* Begin PBXVariantGroup section */
		1BF473902670C65C0013CAA3 /* Main.storyboard */ = {
			isa = PBXVariantGroup;
			children = (
				1BF473912670C65C0013CAA3 /* Base */,
			);
			name = Main.storyboard;
			sourceTree = "<group>";
		};
		1BF473952670C65E0013CAA3 /* LaunchScreen.storyboard */ = {
			isa = PBXVariantGroup;
			children = (
				1BF473962670C65E0013CAA3 /* Base */,
			);
			name = LaunchScreen.storyboard;
			sourceTree = "<group>";
		};
/* End PBXVariantGroup section */

/* Begin XCBuildConfiguration section */
		1BF473992670C65E0013CAA3 /* Debug */ = {
			isa = XCBuildConfiguration;
			buildSettings = {
				ALWAYS_SEARCH_USER_PATHS = NO;
				CLANG_ANALYZER_NONNULL = YES;
				CLANG_ANALYZER_NUMBER_OBJECT_CONVERSION = YES_AGGRESSIVE;
				CLANG_CXX_LANGUAGE_STANDARD = "gnu++14";
				CLANG_CXX_LIBRARY = "libc++";
				CLANG_ENABLE_MODULES = YES;
				CLANG_ENABLE_OBJC_ARC = YES;
				CLANG_ENABLE_OBJC_WEAK = YES;
				CLANG_WARN_BLOCK_CAPTURE_AUTORELEASING = YES;
				CLANG_WARN_BOOL_CONVERSION = YES;
				CLANG_WARN_COMMA = YES;
				CLANG_WARN_CONSTANT_CONVERSION = YES;
				CLANG_WARN_DEPRECATED_OBJC_IMPLEMENTATIONS = YES;
				CLANG_WARN_DIRECT_OBJC_ISA_USAGE = YES_ERROR;
				CLANG_WARN_DOCUMENTATION_COMMENTS = YES;
				CLANG_WARN_EMPTY_BODY = YES;
				CLANG_WARN_ENUM_CONVERSION = YES;
				CLANG_WARN_INFINITE_RECURSION = YES;
				CLANG_WARN_INT_CONVERSION = YES;
				CLANG_WARN_NON_LITERAL_NULL_CONVERSION = YES;
				CLANG_WARN_OBJC_IMPLICIT_RETAIN_SELF = YES;
				CLANG_WARN_OBJC_LITERAL_CONVERSION = YES;
				CLANG_WARN_OBJC_ROOT_CLASS = YES_ERROR;
				CLANG_WARN_QUOTED_INCLUDE_IN_FRAMEWORK_HEADER = YES;
				CLANG_WARN_RANGE_LOOP_ANALYSIS = YES;
				CLANG_WARN_STRICT_PROTOTYPES = YES;
				CLANG_WARN_SUSPICIOUS_MOVE = YES;
				CLANG_WARN_UNGUARDED_AVAILABILITY = YES_AGGRESSIVE;
				CLANG_WARN_UNREACHABLE_CODE = YES;
				CLANG_WARN__DUPLICATE_METHOD_MATCH = YES;
				COPY_PHASE_STRIP = NO;
				DEBUG_INFORMATION_FORMAT = dwarf;
				ENABLE_STRICT_OBJC_MSGSEND = YES;
				ENABLE_TESTABILITY = YES;
				GCC_C_LANGUAGE_STANDARD = gnu11;
				GCC_DYNAMIC_NO_PIC = NO;
				GCC_NO_COMMON_BLOCKS = YES;
				GCC_OPTIMIZATION_LEVEL = 0;
				GCC_PREPROCESSOR_DEFINITIONS = (
					"DEBUG=1",
					"$(inherited)",
				);
				GCC_WARN_64_TO_32_BIT_CONVERSION = YES;
				GCC_WARN_ABOUT_RETURN_TYPE = YES_ERROR;
				GCC_WARN_UNDECLARED_SELECTOR = YES;
				GCC_WARN_UNINITIALIZED_AUTOS = YES_AGGRESSIVE;
				GCC_WARN_UNUSED_FUNCTION = YES;
				GCC_WARN_UNUSED_VARIABLE = YES;
				IPHONEOS_DEPLOYMENT_TARGET = 14.5;
				MTL_ENABLE_DEBUG_INFO = INCLUDE_SOURCE;
				MTL_FAST_MATH = YES;
				ONLY_ACTIVE_ARCH = YES;
				SDKROOT = iphoneos;
				SWIFT_ACTIVE_COMPILATION_CONDITIONS = DEBUG;
				SWIFT_OPTIMIZATION_LEVEL = "-Onone";
			};
			name = Debug;
		};
		1BF4739A2670C65E0013CAA3 /* Release */ = {
			isa = XCBuildConfiguration;
			buildSettings = {
				ALWAYS_SEARCH_USER_PATHS = NO;
				CLANG_ANALYZER_NONNULL = YES;
				CLANG_ANALYZER_NUMBER_OBJECT_CONVERSION = YES_AGGRESSIVE;
				CLANG_CXX_LANGUAGE_STANDARD = "gnu++14";
				CLANG_CXX_LIBRARY = "libc++";
				CLANG_ENABLE_MODULES = YES;
				CLANG_ENABLE_OBJC_ARC = YES;
				CLANG_ENABLE_OBJC_WEAK = YES;
				CLANG_WARN_BLOCK_CAPTURE_AUTORELEASING = YES;
				CLANG_WARN_BOOL_CONVERSION = YES;
				CLANG_WARN_COMMA = YES;
				CLANG_WARN_CONSTANT_CONVERSION = YES;
				CLANG_WARN_DEPRECATED_OBJC_IMPLEMENTATIONS = YES;
				CLANG_WARN_DIRECT_OBJC_ISA_USAGE = YES_ERROR;
				CLANG_WARN_DOCUMENTATION_COMMENTS = YES;
				CLANG_WARN_EMPTY_BODY = YES;
				CLANG_WARN_ENUM_CONVERSION = YES;
				CLANG_WARN_INFINITE_RECURSION = YES;
				CLANG_WARN_INT_CONVERSION = YES;
				CLANG_WARN_NON_LITERAL_NULL_CONVERSION = YES;
				CLANG_WARN_OBJC_IMPLICIT_RETAIN_SELF = YES;
				CLANG_WARN_OBJC_LITERAL_CONVERSION = YES;
				CLANG_WARN_OBJC_ROOT_CLASS = YES_ERROR;
				CLANG_WARN_QUOTED_INCLUDE_IN_FRAMEWORK_HEADER = YES;
				CLANG_WARN_RANGE_LOOP_ANALYSIS = YES;
				CLANG_WARN_STRICT_PROTOTYPES = YES;
				CLANG_WARN_SUSPICIOUS_MOVE = YES;
				CLANG_WARN_UNGUARDED_AVAILABILITY = YES_AGGRESSIVE;
				CLANG_WARN_UNREACHABLE_CODE = YES;
				CLANG_WARN__DUPLICATE_METHOD_MATCH = YES;
				COPY_PHASE_STRIP = NO;
				DEBUG_INFORMATION_FORMAT = "dwarf-with-dsym";
				ENABLE_NS_ASSERTIONS = NO;
				ENABLE_STRICT_OBJC_MSGSEND = YES;
				GCC_C_LANGUAGE_STANDARD = gnu11;
				GCC_NO_COMMON_BLOCKS = YES;
				GCC_WARN_64_TO_32_BIT_CONVERSION = YES;
				GCC_WARN_ABOUT_RETURN_TYPE = YES_ERROR;
				GCC_WARN_UNDECLARED_SELECTOR = YES;
				GCC_WARN_UNINITIALIZED_AUTOS = YES_AGGRESSIVE;
				GCC_WARN_UNUSED_FUNCTION = YES;
				GCC_WARN_UNUSED_VARIABLE = YES;
				IPHONEOS_DEPLOYMENT_TARGET = 14.5;
				MTL_ENABLE_DEBUG_INFO = NO;
				MTL_FAST_MATH = YES;
				SDKROOT = iphoneos;
				SWIFT_COMPILATION_MODE = wholemodule;
				SWIFT_OPTIMIZATION_LEVEL = "-O";
				VALIDATE_PRODUCT = YES;
			};
			name = Release;
		};
		1BF4739C2670C65E0013CAA3 /* Debug */ = {
			isa = XCBuildConfiguration;
			buildSettings = {
				ASSETCATALOG_COMPILER_APPICON_NAME = AppIcon;
				ASSETCATALOG_COMPILER_GLOBAL_ACCENT_COLOR_NAME = AccentColor;
				CODE_SIGN_STYLE = Automatic;
				INFOPLIST_FILE = GitFlowTest/Info.plist;
				LD_RUNPATH_SEARCH_PATHS = (
					"$(inherited)",
					"@executable_path/Frameworks",
				);
				PRODUCT_BUNDLE_IDENTIFIER = com.asdev.GitFlowTest;
				PRODUCT_NAME = "$(TARGET_NAME)";
				SWIFT_VERSION = 5.0;
				TARGETED_DEVICE_FAMILY = "1,2";
			};
			name = Debug;
		};
		1BF4739D2670C65E0013CAA3 /* Release */ = {
			isa = XCBuildConfiguration;
			buildSettings = {
				ASSETCATALOG_COMPILER_APPICON_NAME = AppIcon;
				ASSETCATALOG_COMPILER_GLOBAL_ACCENT_COLOR_NAME = AccentColor;
				CODE_SIGN_STYLE = Automatic;
				INFOPLIST_FILE = GitFlowTest/Info.plist;
				LD_RUNPATH_SEARCH_PATHS = (
					"$(inherited)",
					"@executable_path/Frameworks",
				);
				PRODUCT_BUNDLE_IDENTIFIER = com.asdev.GitFlowTest;
				PRODUCT_NAME = "$(TARGET_NAME)";
				SWIFT_VERSION = 5.0;
				TARGETED_DEVICE_FAMILY = "1,2";
			};
			name = Release;
		};
/* End XCBuildConfiguration section */

/* Begin XCConfigurationList section */
		1BF473822670C65C0013CAA3 /* Build configuration list for PBXProject "GitFlowTest" */ = {
			isa = XCConfigurationList;
			buildConfigurations = (
				1BF473992670C65E0013CAA3 /* Debug */,
				1BF4739A2670C65E0013CAA3 /* Release */,
			);
			defaultConfigurationIsVisible = 0;
			defaultConfigurationName = Release;
		};
		1BF4739B2670C65E0013CAA3 /* Build configuration list for PBXNativeTarget "GitFlowTest" */ = {
			isa = XCConfigurationList;
			buildConfigurations = (
				1BF4739C2670C65E0013CAA3 /* Debug */,
				1BF4739D2670C65E0013CAA3 /* Release */,
			);
			defaultConfigurationIsVisible = 0;
			defaultConfigurationName = Release;
		};
/* End XCConfigurationList section */
	};
	rootObject = 1BF4737F2670C65C0013CAA3 /* Project object */;
}
